
Microsoft Visual Studio Solution File, Format Version 12.00
# Visual Studio Version 17
VisualStudioVersion = 17.11.35222.181
MinimumVisualStudioVersion = 10.0.40219.1
Project("{FAE04EC0-301F-11D3-BF4B-00C04F79EFBC}") = "Dictionary", "Dictionary\Dictionary.csproj", "{1932939C-45FD-40CB-AE48-55C9277B7826}"
EndProject
Global
	GlobalSection(SolutionConfigurationPlatforms) = preSolution
		Debug|Any CPU = Debug|Any CPU
		Release|Any CPU = Release|Any CPU
	EndGlobalSection
	GlobalSection(ProjectConfigurationPlatforms) = postSolution
		{1932939C-45FD-40CB-AE48-55C9277B7826}.Debug|Any CPU.ActiveCfg = Debug|Any CPU
		{1932939C-45FD-40CB-AE48-55C9277B7826}.Debug|Any CPU.Build.0 = Debug|Any CPU
		{1932939C-45FD-40CB-AE48-55C9277B7826}.Release|Any CPU.ActiveCfg = Release|Any CPU
		{1932939C-45FD-40CB-AE48-55C9277B7826}.Release|Any CPU.Build.0 = Release|Any CPU
	EndGlobalSection
	GlobalSection(SolutionProperties) = preSolution
		HideSolutionNode = FALSE
	EndGlobalSection
	GlobalSection(ExtensibilityGlobals) = postSolution
		SolutionGuid = {EE08E26E-9C16-40CD-A772-9B069ADA1BBE}
	EndGlobalSection
EndGlobal
